// !$*UTF8*$!
{
	archiveVersion = 1;
	classes = {
	};
	objectVersion = 51;
	objects = {

/* Begin PBXBuildFile section */
		5E69ACA45093A4CE02B6E0E0 /* Pods_DemoTests.framework in Frameworks */ = {isa = PBXBuildFile; fileRef = 9E2D498F87C1C97787316DA6 /* Pods_DemoTests.framework */; };
		B6D2204435C7655CABCB6275 /* Pods_Demo.framework in Frameworks */ = {isa = PBXBuildFile; fileRef = 0F76B2D977DBAECD296A578D /* Pods_Demo.framework */; };
		FCA89983247AF6D700B14D5C /* AppDelegate.swift in Sources */ = {isa = PBXBuildFile; fileRef = FCA89982247AF6D700B14D5C /* AppDelegate.swift */; };
		FCA89985247AF6D700B14D5C /* SceneDelegate.swift in Sources */ = {isa = PBXBuildFile; fileRef = FCA89984247AF6D700B14D5C /* SceneDelegate.swift */; };
		FCA89987247AF6D700B14D5C /* ViewController.swift in Sources */ = {isa = PBXBuildFile; fileRef = FCA89986247AF6D700B14D5C /* ViewController.swift */; };
		FCA8998A247AF6D700B14D5C /* Main.storyboard in Resources */ = {isa = PBXBuildFile; fileRef = FCA89988247AF6D700B14D5C /* Main.storyboard */; };
		FCA8998C247AF6D700B14D5C /* Assets.xcassets in Resources */ = {isa = PBXBuildFile; fileRef = FCA8998B247AF6D700B14D5C /* Assets.xcassets */; };
		FCA8998F247AF6D700B14D5C /* LaunchScreen.storyboard in Resources */ = {isa = PBXBuildFile; fileRef = FCA8998D247AF6D700B14D5C /* LaunchScreen.storyboard */; };
		FCA8999A247AF6D700B14D5C /* DemoTests.swift in Sources */ = {isa = PBXBuildFile; fileRef = FCA89999247AF6D700B14D5C /* DemoTests.swift */; };
		FCA899A6247AF79E00B14D5C /* Fruit.swift in Sources */ = {isa = PBXBuildFile; fileRef = FCA899A5247AF79E00B14D5C /* Fruit.swift */; };
		FCA899A8247AFA1900B14D5C /* GoogleService-Info.plist in Resources */ = {isa = PBXBuildFile; fileRef = FCA899A7247AFA1900B14D5C /* GoogleService-Info.plist */; };
/* End PBXBuildFile section */

/* Begin PBXContainerItemProxy section */
		FCA89996247AF6D700B14D5C /* PBXContainerItemProxy */ = {
			isa = PBXContainerItemProxy;
			containerPortal = FCA89977247AF6D700B14D5C /* Project object */;
			proxyType = 1;
			remoteGlobalIDString = FCA8997E247AF6D700B14D5C;
			remoteInfo = Demo;
		};
/* End PBXContainerItemProxy section */

/* Begin PBXFileReference section */
		0F76B2D977DBAECD296A578D /* Pods_Demo.framework */ = {isa = PBXFileReference; explicitFileType = wrapper.framework; includeInIndex = 0; path = Pods_Demo.framework; sourceTree = BUILT_PRODUCTS_DIR; };
		253D1969839ABE4F16DAC174 /* Pods-DemoTests.release.xcconfig */ = {isa = PBXFileReference; includeInIndex = 1; lastKnownFileType = text.xcconfig; name = "Pods-DemoTests.release.xcconfig"; path = "Target Support Files/Pods-DemoTests/Pods-DemoTests.release.xcconfig"; sourceTree = "<group>"; };
		4AB536A23FCF9386EE949B15 /* Pods-Demo.release.xcconfig */ = {isa = PBXFileReference; includeInIndex = 1; lastKnownFileType = text.xcconfig; name = "Pods-Demo.release.xcconfig"; path = "Target Support Files/Pods-Demo/Pods-Demo.release.xcconfig"; sourceTree = "<group>"; };
		56FE20EA814AC99386335B9B /* Pods-DemoTests.debug.xcconfig */ = {isa = PBXFileReference; includeInIndex = 1; lastKnownFileType = text.xcconfig; name = "Pods-DemoTests.debug.xcconfig"; path = "Target Support Files/Pods-DemoTests/Pods-DemoTests.debug.xcconfig"; sourceTree = "<group>"; };
		7D8ADF7B48E9B9EB1FE4CDCD /* Pods-Demo.debug.xcconfig */ = {isa = PBXFileReference; includeInIndex = 1; lastKnownFileType = text.xcconfig; name = "Pods-Demo.debug.xcconfig"; path = "Target Support Files/Pods-Demo/Pods-Demo.debug.xcconfig"; sourceTree = "<group>"; };
		9E2D498F87C1C97787316DA6 /* Pods_DemoTests.framework */ = {isa = PBXFileReference; explicitFileType = wrapper.framework; includeInIndex = 0; path = Pods_DemoTests.framework; sourceTree = BUILT_PRODUCTS_DIR; };
		FCA8997F247AF6D700B14D5C /* Demo.app */ = {isa = PBXFileReference; explicitFileType = wrapper.application; includeInIndex = 0; path = Demo.app; sourceTree = BUILT_PRODUCTS_DIR; };
		FCA89982247AF6D700B14D5C /* AppDelegate.swift */ = {isa = PBXFileReference; lastKnownFileType = sourcecode.swift; path = AppDelegate.swift; sourceTree = "<group>"; };
		FCA89984247AF6D700B14D5C /* SceneDelegate.swift */ = {isa = PBXFileReference; lastKnownFileType = sourcecode.swift; path = SceneDelegate.swift; sourceTree = "<group>"; };
		FCA89986247AF6D700B14D5C /* ViewController.swift */ = {isa = PBXFileReference; lastKnownFileType = sourcecode.swift; path = ViewController.swift; sourceTree = "<group>"; };
		FCA89989247AF6D700B14D5C /* Base */ = {isa = PBXFileReference; lastKnownFileType = file.storyboard; name = Base; path = Base.lproj/Main.storyboard; sourceTree = "<group>"; };
		FCA8998B247AF6D700B14D5C /* Assets.xcassets */ = {isa = PBXFileReference; lastKnownFileType = folder.assetcatalog; path = Assets.xcassets; sourceTree = "<group>"; };
		FCA8998E247AF6D700B14D5C /* Base */ = {isa = PBXFileReference; lastKnownFileType = file.storyboard; name = Base; path = Base.lproj/LaunchScreen.storyboard; sourceTree = "<group>"; };
		FCA89990247AF6D700B14D5C /* Info.plist */ = {isa = PBXFileReference; lastKnownFileType = text.plist.xml; path = Info.plist; sourceTree = "<group>"; };
		FCA89995247AF6D700B14D5C /* DemoTests.xctest */ = {isa = PBXFileReference; explicitFileType = wrapper.cfbundle; includeInIndex = 0; path = DemoTests.xctest; sourceTree = BUILT_PRODUCTS_DIR; };
		FCA89999247AF6D700B14D5C /* DemoTests.swift */ = {isa = PBXFileReference; lastKnownFileType = sourcecode.swift; path = DemoTests.swift; sourceTree = "<group>"; };
		FCA8999B247AF6D700B14D5C /* Info.plist */ = {isa = PBXFileReference; lastKnownFileType = text.plist.xml; path = Info.plist; sourceTree = "<group>"; };
		FCA899A5247AF79E00B14D5C /* Fruit.swift */ = {isa = PBXFileReference; fileEncoding = 4; lastKnownFileType = sourcecode.swift; path = Fruit.swift; sourceTree = "<group>"; };
		FCA899A7247AFA1900B14D5C /* GoogleService-Info.plist */ = {isa = PBXFileReference; fileEncoding = 4; lastKnownFileType = text.plist.xml; path = "GoogleService-Info.plist"; sourceTree = "<group>"; };
/* End PBXFileReference section */

/* Begin PBXFrameworksBuildPhase section */
		FCA8997C247AF6D700B14D5C /* Frameworks */ = {
			isa = PBXFrameworksBuildPhase;
			buildActionMask = 2147483647;
			files = (
				B6D2204435C7655CABCB6275 /* Pods_Demo.framework in Frameworks */,
			);
			runOnlyForDeploymentPostprocessing = 0;
		};
		FCA89992247AF6D700B14D5C /* Frameworks */ = {
			isa = PBXFrameworksBuildPhase;
			buildActionMask = 2147483647;
			files = (
				5E69ACA45093A4CE02B6E0E0 /* Pods_DemoTests.framework in Frameworks */,
			);
			runOnlyForDeploymentPostprocessing = 0;
		};
/* End PBXFrameworksBuildPhase section */

/* Begin PBXGroup section */
		85FD0C0F29F6864A2A55CD20 /* Pods */ = {
			isa = PBXGroup;
			children = (
				7D8ADF7B48E9B9EB1FE4CDCD /* Pods-Demo.debug.xcconfig */,
				4AB536A23FCF9386EE949B15 /* Pods-Demo.release.xcconfig */,
				56FE20EA814AC99386335B9B /* Pods-DemoTests.debug.xcconfig */,
				253D1969839ABE4F16DAC174 /* Pods-DemoTests.release.xcconfig */,
			);
			path = Pods;
			sourceTree = "<group>";
		};
		FCA89976247AF6D700B14D5C = {
			isa = PBXGroup;
			children = (
				FCA89981247AF6D700B14D5C /* Demo */,
				FCA89998247AF6D700B14D5C /* DemoTests */,
				FCA89980247AF6D700B14D5C /* Products */,
				85FD0C0F29F6864A2A55CD20 /* Pods */,
				FEA81A5C91B13840734743C8 /* Frameworks */,
			);
			sourceTree = "<group>";
		};
		FCA89980247AF6D700B14D5C /* Products */ = {
			isa = PBXGroup;
			children = (
				FCA8997F247AF6D700B14D5C /* Demo.app */,
				FCA89995247AF6D700B14D5C /* DemoTests.xctest */,
			);
			name = Products;
			sourceTree = "<group>";
		};
		FCA89981247AF6D700B14D5C /* Demo */ = {
			isa = PBXGroup;
			children = (
				FCA899A4247AF79E00B14D5C /* FirestoreModel */,
				FCA89982247AF6D700B14D5C /* AppDelegate.swift */,
				FCA89984247AF6D700B14D5C /* SceneDelegate.swift */,
				FCA89986247AF6D700B14D5C /* ViewController.swift */,
				FCA89988247AF6D700B14D5C /* Main.storyboard */,
				FCA8998B247AF6D700B14D5C /* Assets.xcassets */,
				FCA8998D247AF6D700B14D5C /* LaunchScreen.storyboard */,
				FCA89990247AF6D700B14D5C /* Info.plist */,
				FCA899A7247AFA1900B14D5C /* GoogleService-Info.plist */,
			);
			path = Demo;
			sourceTree = "<group>";
		};
		FCA89998247AF6D700B14D5C /* DemoTests */ = {
			isa = PBXGroup;
			children = (
				FCA89999247AF6D700B14D5C /* DemoTests.swift */,
				FCA8999B247AF6D700B14D5C /* Info.plist */,
			);
			path = DemoTests;
			sourceTree = "<group>";
		};
		FCA899A4247AF79E00B14D5C /* FirestoreModel */ = {
			isa = PBXGroup;
			children = (
				FCA899A5247AF79E00B14D5C /* Fruit.swift */,
			);
			path = FirestoreModel;
			sourceTree = "<group>";
		};
		FEA81A5C91B13840734743C8 /* Frameworks */ = {
			isa = PBXGroup;
			children = (
				0F76B2D977DBAECD296A578D /* Pods_Demo.framework */,
				9E2D498F87C1C97787316DA6 /* Pods_DemoTests.framework */,
			);
			name = Frameworks;
			sourceTree = "<group>";
		};
/* End PBXGroup section */

/* Begin PBXNativeTarget section */
		FCA8997E247AF6D700B14D5C /* Demo */ = {
			isa = PBXNativeTarget;
			buildConfigurationList = FCA8999E247AF6D700B14D5C /* Build configuration list for PBXNativeTarget "Demo" */;
			buildPhases = (
				1F5F8C6BCF68FB65CFEA7F5B /* [CP] Check Pods Manifest.lock */,
				FCA8997B247AF6D700B14D5C /* Sources */,
				FCA8997C247AF6D700B14D5C /* Frameworks */,
				FCA8997D247AF6D700B14D5C /* Resources */,
				72A0119EE863F180CC618DA2 /* [CP] Embed Pods Frameworks */,
			);
			buildRules = (
			);
			dependencies = (
			);
			name = Demo;
			productName = Demo;
			productReference = FCA8997F247AF6D700B14D5C /* Demo.app */;
			productType = "com.apple.product-type.application";
		};
		FCA89994247AF6D700B14D5C /* DemoTests */ = {
			isa = PBXNativeTarget;
			buildConfigurationList = FCA899A1247AF6D700B14D5C /* Build configuration list for PBXNativeTarget "DemoTests" */;
			buildPhases = (
				1963FBF57280F149B76A6720 /* [CP] Check Pods Manifest.lock */,
				FCA89991247AF6D700B14D5C /* Sources */,
				FCA89992247AF6D700B14D5C /* Frameworks */,
				FCA89993247AF6D700B14D5C /* Resources */,
			);
			buildRules = (
			);
			dependencies = (
				FCA89997247AF6D700B14D5C /* PBXTargetDependency */,
			);
			name = DemoTests;
			productName = DemoTests;
			productReference = FCA89995247AF6D700B14D5C /* DemoTests.xctest */;
			productType = "com.apple.product-type.bundle.unit-test";
		};
/* End PBXNativeTarget section */

/* Begin PBXProject section */
		FCA89977247AF6D700B14D5C /* Project object */ = {
			isa = PBXProject;
			attributes = {
				LastSwiftUpdateCheck = 1140;
				LastUpgradeCheck = 1140;
				ORGANIZATIONNAME = yuoku;
				TargetAttributes = {
					FCA8997E247AF6D700B14D5C = {
						CreatedOnToolsVersion = 11.4.1;
					};
					FCA89994247AF6D700B14D5C = {
						CreatedOnToolsVersion = 11.4.1;
						TestTargetID = FCA8997E247AF6D700B14D5C;
					};
				};
			};
			buildConfigurationList = FCA8997A247AF6D700B14D5C /* Build configuration list for PBXProject "Demo" */;
			compatibilityVersion = "Xcode 9.3";
			developmentRegion = en;
			hasScannedForEncodings = 0;
			knownRegions = (
				en,
				Base,
			);
			mainGroup = FCA89976247AF6D700B14D5C;
			productRefGroup = FCA89980247AF6D700B14D5C /* Products */;
			projectDirPath = "";
			projectRoot = "";
			targets = (
				FCA8997E247AF6D700B14D5C /* Demo */,
				FCA89994247AF6D700B14D5C /* DemoTests */,
			);
		};
/* End PBXProject section */

/* Begin PBXResourcesBuildPhase section */
		FCA8997D247AF6D700B14D5C /* Resources */ = {
			isa = PBXResourcesBuildPhase;
			buildActionMask = 2147483647;
			files = (
				FCA8998F247AF6D700B14D5C /* LaunchScreen.storyboard in Resources */,
				FCA899A8247AFA1900B14D5C /* GoogleService-Info.plist in Resources */,
				FCA8998C247AF6D700B14D5C /* Assets.xcassets in Resources */,
				FCA8998A247AF6D700B14D5C /* Main.storyboard in Resources */,
			);
			runOnlyForDeploymentPostprocessing = 0;
		};
		FCA89993247AF6D700B14D5C /* Resources */ = {
			isa = PBXResourcesBuildPhase;
			buildActionMask = 2147483647;
			files = (
			);
			runOnlyForDeploymentPostprocessing = 0;
		};
/* End PBXResourcesBuildPhase section */

/* Begin PBXShellScriptBuildPhase section */
		1963FBF57280F149B76A6720 /* [CP] Check Pods Manifest.lock */ = {
			isa = PBXShellScriptBuildPhase;
			buildActionMask = 2147483647;
			files = (
			);
			inputFileListPaths = (
			);
			inputPaths = (
				"${PODS_PODFILE_DIR_PATH}/Podfile.lock",
				"${PODS_ROOT}/Manifest.lock",
			);
			name = "[CP] Check Pods Manifest.lock";
			outputFileListPaths = (
			);
			outputPaths = (
				"$(DERIVED_FILE_DIR)/Pods-DemoTests-checkManifestLockResult.txt",
			);
			runOnlyForDeploymentPostprocessing = 0;
			shellPath = /bin/sh;
			shellScript = "diff \"${PODS_PODFILE_DIR_PATH}/Podfile.lock\" \"${PODS_ROOT}/Manifest.lock\" > /dev/null\nif [ $? != 0 ] ; then\n    # print error to STDERR\n    echo \"error: The sandbox is not in sync with the Podfile.lock. Run 'pod install' or update your CocoaPods installation.\" >&2\n    exit 1\nfi\n# This output is used by Xcode 'outputs' to avoid re-running this script phase.\necho \"SUCCESS\" > \"${SCRIPT_OUTPUT_FILE_0}\"\n";
			showEnvVarsInLog = 0;
		};
		1F5F8C6BCF68FB65CFEA7F5B /* [CP] Check Pods Manifest.lock */ = {
			isa = PBXShellScriptBuildPhase;
			buildActionMask = 2147483647;
			files = (
			);
			inputFileListPaths = (
			);
			inputPaths = (
				"${PODS_PODFILE_DIR_PATH}/Podfile.lock",
				"${PODS_ROOT}/Manifest.lock",
			);
			name = "[CP] Check Pods Manifest.lock";
			outputFileListPaths = (
			);
			outputPaths = (
				"$(DERIVED_FILE_DIR)/Pods-Demo-checkManifestLockResult.txt",
			);
			runOnlyForDeploymentPostprocessing = 0;
			shellPath = /bin/sh;
			shellScript = "diff \"${PODS_PODFILE_DIR_PATH}/Podfile.lock\" \"${PODS_ROOT}/Manifest.lock\" > /dev/null\nif [ $? != 0 ] ; then\n    # print error to STDERR\n    echo \"error: The sandbox is not in sync with the Podfile.lock. Run 'pod install' or update your CocoaPods installation.\" >&2\n    exit 1\nfi\n# This output is used by Xcode 'outputs' to avoid re-running this script phase.\necho \"SUCCESS\" > \"${SCRIPT_OUTPUT_FILE_0}\"\n";
			showEnvVarsInLog = 0;
		};
		72A0119EE863F180CC618DA2 /* [CP] Embed Pods Frameworks */ = {
			isa = PBXShellScriptBuildPhase;
			buildActionMask = 2147483647;
			files = (
			);
			inputFileListPaths = (
				"${PODS_ROOT}/Target Support Files/Pods-Demo/Pods-Demo-frameworks-${CONFIGURATION}-input-files.xcfilelist",
			);
			name = "[CP] Embed Pods Frameworks";
			outputFileListPaths = (
				"${PODS_ROOT}/Target Support Files/Pods-Demo/Pods-Demo-frameworks-${CONFIGURATION}-output-files.xcfilelist",
			);
			runOnlyForDeploymentPostprocessing = 0;
			shellPath = /bin/sh;
			shellScript = "\"${PODS_ROOT}/Target Support Files/Pods-Demo/Pods-Demo-frameworks.sh\"\n";
			showEnvVarsInLog = 0;
		};
/* End PBXShellScriptBuildPhase section */

/* Begin PBXSourcesBuildPhase section */
		FCA8997B247AF6D700B14D5C /* Sources */ = {
			isa = PBXSourcesBuildPhase;
			buildActionMask = 2147483647;
			files = (
				FCA899A6247AF79E00B14D5C /* Fruit.swift in Sources */,
				FCA89987247AF6D700B14D5C /* ViewController.swift in Sources */,
				FCA89983247AF6D700B14D5C /* AppDelegate.swift in Sources */,
				FCA89985247AF6D700B14D5C /* SceneDelegate.swift in Sources */,
			);
			runOnlyForDeploymentPostprocessing = 0;
		};
		FCA89991247AF6D700B14D5C /* Sources */ = {
			isa = PBXSourcesBuildPhase;
			buildActionMask = 2147483647;
			files = (
				FCA8999A247AF6D700B14D5C /* DemoTests.swift in Sources */,
			);
			runOnlyForDeploymentPostprocessing = 0;
		};
/* End PBXSourcesBuildPhase section */

/* Begin PBXTargetDependency section */
		FCA89997247AF6D700B14D5C /* PBXTargetDependency */ = {
			isa = PBXTargetDependency;
			target = FCA8997E247AF6D700B14D5C /* Demo */;
			targetProxy = FCA89996247AF6D700B14D5C /* PBXContainerItemProxy */;
		};
/* End PBXTargetDependency section */

/* Begin PBXVariantGroup section */
		FCA89988247AF6D700B14D5C /* Main.storyboard */ = {
			isa = PBXVariantGroup;
			children = (
				FCA89989247AF6D700B14D5C /* Base */,
			);
			name = Main.storyboard;
			sourceTree = "<group>";
		};
		FCA8998D247AF6D700B14D5C /* LaunchScreen.storyboard */ = {
			isa = PBXVariantGroup;
			children = (
				FCA8998E247AF6D700B14D5C /* Base */,
			);
			name = LaunchScreen.storyboard;
			sourceTree = "<group>";
		};
/* End PBXVariantGroup section */

/* Begin XCBuildConfiguration section */
		FCA8999C247AF6D700B14D5C /* Debug */ = {
			isa = XCBuildConfiguration;
			buildSettings = {
				ALWAYS_SEARCH_USER_PATHS = NO;
				CLANG_ANALYZER_NONNULL = YES;
				CLANG_ANALYZER_NUMBER_OBJECT_CONVERSION = YES_AGGRESSIVE;
				CLANG_CXX_LANGUAGE_STANDARD = "gnu++14";
				CLANG_CXX_LIBRARY = "libc++";
				CLANG_ENABLE_MODULES = YES;
				CLANG_ENABLE_OBJC_ARC = YES;
				CLANG_ENABLE_OBJC_WEAK = YES;
				CLANG_WARN_BLOCK_CAPTURE_AUTORELEASING = YES;
				CLANG_WARN_BOOL_CONVERSION = YES;
				CLANG_WARN_COMMA = YES;
				CLANG_WARN_CONSTANT_CONVERSION = YES;
				CLANG_WARN_DEPRECATED_OBJC_IMPLEMENTATIONS = YES;
				CLANG_WARN_DIRECT_OBJC_ISA_USAGE = YES_ERROR;
				CLANG_WARN_DOCUMENTATION_COMMENTS = YES;
				CLANG_WARN_EMPTY_BODY = YES;
				CLANG_WARN_ENUM_CONVERSION = YES;
				CLANG_WARN_INFINITE_RECURSION = YES;
				CLANG_WARN_INT_CONVERSION = YES;
				CLANG_WARN_NON_LITERAL_NULL_CONVERSION = YES;
				CLANG_WARN_OBJC_IMPLICIT_RETAIN_SELF = YES;
				CLANG_WARN_OBJC_LITERAL_CONVERSION = YES;
				CLANG_WARN_OBJC_ROOT_CLASS = YES_ERROR;
				CLANG_WARN_RANGE_LOOP_ANALYSIS = YES;
				CLANG_WARN_STRICT_PROTOTYPES = YES;
				CLANG_WARN_SUSPICIOUS_MOVE = YES;
				CLANG_WARN_UNGUARDED_AVAILABILITY = YES_AGGRESSIVE;
				CLANG_WARN_UNREACHABLE_CODE = YES;
				CLANG_WARN__DUPLICATE_METHOD_MATCH = YES;
				COPY_PHASE_STRIP = NO;
				DEBUG_INFORMATION_FORMAT = dwarf;
				ENABLE_STRICT_OBJC_MSGSEND = YES;
				ENABLE_TESTABILITY = YES;
				GCC_C_LANGUAGE_STANDARD = gnu11;
				GCC_DYNAMIC_NO_PIC = NO;
				GCC_NO_COMMON_BLOCKS = YES;
				GCC_OPTIMIZATION_LEVEL = 0;
				GCC_PREPROCESSOR_DEFINITIONS = (
					"DEBUG=1",
					"$(inherited)",
				);
				GCC_WARN_64_TO_32_BIT_CONVERSION = YES;
				GCC_WARN_ABOUT_RETURN_TYPE = YES_ERROR;
				GCC_WARN_UNDECLARED_SELECTOR = YES;
				GCC_WARN_UNINITIALIZED_AUTOS = YES_AGGRESSIVE;
				GCC_WARN_UNUSED_FUNCTION = YES;
				GCC_WARN_UNUSED_VARIABLE = YES;
				IPHONEOS_DEPLOYMENT_TARGET = 11.0;
				MTL_ENABLE_DEBUG_INFO = INCLUDE_SOURCE;
				MTL_FAST_MATH = YES;
				ONLY_ACTIVE_ARCH = YES;
				SDKROOT = iphoneos;
				SWIFT_ACTIVE_COMPILATION_CONDITIONS = DEBUG;
				SWIFT_OPTIMIZATION_LEVEL = "-Onone";
			};
			name = Debug;
		};
		FCA8999D247AF6D700B14D5C /* Release */ = {
			isa = XCBuildConfiguration;
			buildSettings = {
				ALWAYS_SEARCH_USER_PATHS = NO;
				CLANG_ANALYZER_NONNULL = YES;
				CLANG_ANALYZER_NUMBER_OBJECT_CONVERSION = YES_AGGRESSIVE;
				CLANG_CXX_LANGUAGE_STANDARD = "gnu++14";
				CLANG_CXX_LIBRARY = "libc++";
				CLANG_ENABLE_MODULES = YES;
				CLANG_ENABLE_OBJC_ARC = YES;
				CLANG_ENABLE_OBJC_WEAK = YES;
				CLANG_WARN_BLOCK_CAPTURE_AUTORELEASING = YES;
				CLANG_WARN_BOOL_CONVERSION = YES;
				CLANG_WARN_COMMA = YES;
				CLANG_WARN_CONSTANT_CONVERSION = YES;
				CLANG_WARN_DEPRECATED_OBJC_IMPLEMENTATIONS = YES;
				CLANG_WARN_DIRECT_OBJC_ISA_USAGE = YES_ERROR;
				CLANG_WARN_DOCUMENTATION_COMMENTS = YES;
				CLANG_WARN_EMPTY_BODY = YES;
				CLANG_WARN_ENUM_CONVERSION = YES;
				CLANG_WARN_INFINITE_RECURSION = YES;
				CLANG_WARN_INT_CONVERSION = YES;
				CLANG_WARN_NON_LITERAL_NULL_CONVERSION = YES;
				CLANG_WARN_OBJC_IMPLICIT_RETAIN_SELF = YES;
				CLANG_WARN_OBJC_LITERAL_CONVERSION = YES;
				CLANG_WARN_OBJC_ROOT_CLASS = YES_ERROR;
				CLANG_WARN_RANGE_LOOP_ANALYSIS = YES;
				CLANG_WARN_STRICT_PROTOTYPES = YES;
				CLANG_WARN_SUSPICIOUS_MOVE = YES;
				CLANG_WARN_UNGUARDED_AVAILABILITY = YES_AGGRESSIVE;
				CLANG_WARN_UNREACHABLE_CODE = YES;
				CLANG_WARN__DUPLICATE_METHOD_MATCH = YES;
				COPY_PHASE_STRIP = NO;
				DEBUG_INFORMATION_FORMAT = "dwarf-with-dsym";
				ENABLE_NS_ASSERTIONS = NO;
				ENABLE_STRICT_OBJC_MSGSEND = YES;
				GCC_C_LANGUAGE_STANDARD = gnu11;
				GCC_NO_COMMON_BLOCKS = YES;
				GCC_WARN_64_TO_32_BIT_CONVERSION = YES;
				GCC_WARN_ABOUT_RETURN_TYPE = YES_ERROR;
				GCC_WARN_UNDECLARED_SELECTOR = YES;
				GCC_WARN_UNINITIALIZED_AUTOS = YES_AGGRESSIVE;
				GCC_WARN_UNUSED_FUNCTION = YES;
				GCC_WARN_UNUSED_VARIABLE = YES;
				IPHONEOS_DEPLOYMENT_TARGET = 11.0;
				MTL_ENABLE_DEBUG_INFO = NO;
				MTL_FAST_MATH = YES;
				SDKROOT = iphoneos;
				SWIFT_COMPILATION_MODE = wholemodule;
				SWIFT_OPTIMIZATION_LEVEL = "-O";
				VALIDATE_PRODUCT = YES;
			};
			name = Release;
		};
		FCA8999F247AF6D700B14D5C /* Debug */ = {
			isa = XCBuildConfiguration;
			baseConfigurationReference = 7D8ADF7B48E9B9EB1FE4CDCD /* Pods-Demo.debug.xcconfig */;
			buildSettings = {
				ASSETCATALOG_COMPILER_APPICON_NAME = AppIcon;
				CODE_SIGN_STYLE = Automatic;
				DEVELOPMENT_TEAM = B8PR34D6DP;
				INFOPLIST_FILE = Demo/Info.plist;
				IPHONEOS_DEPLOYMENT_TARGET = 11.0;
				LD_RUNPATH_SEARCH_PATHS = (
					"$(inherited)",
					"@executable_path/Frameworks",
				);
				PRODUCT_BUNDLE_IDENTIFIER = jp.yuoku.FirestoreDao.Demo;
				PRODUCT_NAME = "$(TARGET_NAME)";
				SWIFT_VERSION = 5.0;
				TARGETED_DEVICE_FAMILY = "1,2";
			};
			name = Debug;
		};
		FCA899A0247AF6D700B14D5C /* Release */ = {
			isa = XCBuildConfiguration;
			baseConfigurationReference = 4AB536A23FCF9386EE949B15 /* Pods-Demo.release.xcconfig */;
			buildSettings = {
				ASSETCATALOG_COMPILER_APPICON_NAME = AppIcon;
				CODE_SIGN_STYLE = Automatic;
				DEVELOPMENT_TEAM = B8PR34D6DP;
				INFOPLIST_FILE = Demo/Info.plist;
				IPHONEOS_DEPLOYMENT_TARGET = 11.0;
				LD_RUNPATH_SEARCH_PATHS = (
					"$(inherited)",
					"@executable_path/Frameworks",
				);
				PRODUCT_BUNDLE_IDENTIFIER = jp.yuoku.FirestoreDao.Demo;
				PRODUCT_NAME = "$(TARGET_NAME)";
				SWIFT_VERSION = 5.0;
				TARGETED_DEVICE_FAMILY = "1,2";
			};
			name = Release;
		};
		FCA899A2247AF6D700B14D5C /* Debug */ = {
			isa = XCBuildConfiguration;
			baseConfigurationReference = 56FE20EA814AC99386335B9B /* Pods-DemoTests.debug.xcconfig */;
			buildSettings = {
				ALWAYS_EMBED_SWIFT_STANDARD_LIBRARIES = YES;
				BUNDLE_LOADER = "$(TEST_HOST)";
				CODE_SIGN_STYLE = Automatic;
				DEVELOPMENT_TEAM = B8PR34D6DP;
				INFOPLIST_FILE = DemoTests/Info.plist;
				IPHONEOS_DEPLOYMENT_TARGET = 13.4;
				LD_RUNPATH_SEARCH_PATHS = (
					"$(inherited)",
					"@executable_path/Frameworks",
					"@loader_path/Frameworks",
				);
				PRODUCT_BUNDLE_IDENTIFIER = jp.yuoku.FirestoreDao.Demo.DemoTests;
				PRODUCT_NAME = "$(TARGET_NAME)";
				SWIFT_VERSION = 5.0;
				TARGETED_DEVICE_FAMILY = "1,2";
				TEST_HOST = "$(BUILT_PRODUCTS_DIR)/Demo.app/Demo";
			};
			name = Debug;
		};
		FCA899A3247AF6D700B14D5C /* Release */ = {
			isa = XCBuildConfiguration;
			baseConfigurationReference = 253D1969839ABE4F16DAC174 /* Pods-DemoTests.release.xcconfig */;
			buildSettings = {
				ALWAYS_EMBED_SWIFT_STANDARD_LIBRARIES = YES;
				BUNDLE_LOADER = "$(TEST_HOST)";
				CODE_SIGN_STYLE = Automatic;
				DEVELOPMENT_TEAM = B8PR34D6DP;
				INFOPLIST_FILE = DemoTests/Info.plist;
				IPHONEOS_DEPLOYMENT_TARGET = 13.4;
				LD_RUNPATH_SEARCH_PATHS = (
					"$(inherited)",
					"@executable_path/Frameworks",
					"@loader_path/Frameworks",
				);
				PRODUCT_BUNDLE_IDENTIFIER = jp.yuoku.FirestoreDao.Demo.DemoTests;
				PRODUCT_NAME = "$(TARGET_NAME)";
				SWIFT_VERSION = 5.0;
				TARGETED_DEVICE_FAMILY = "1,2";
				TEST_HOST = "$(BUILT_PRODUCTS_DIR)/Demo.app/Demo";
			};
			name = Release;
		};
/* End XCBuildConfiguration section */

/* Begin XCConfigurationList section */
		FCA8997A247AF6D700B14D5C /* Build configuration list for PBXProject "Demo" */ = {
			isa = XCConfigurationList;
			buildConfigurations = (
				FCA8999C247AF6D700B14D5C /* Debug */,
				FCA8999D247AF6D700B14D5C /* Release */,
			);
			defaultConfigurationIsVisible = 0;
			defaultConfigurationName = Release;
		};
		FCA8999E247AF6D700B14D5C /* Build configuration list for PBXNativeTarget "Demo" */ = {
			isa = XCConfigurationList;
			buildConfigurations = (
				FCA8999F247AF6D700B14D5C /* Debug */,
				FCA899A0247AF6D700B14D5C /* Release */,
			);
			defaultConfigurationIsVisible = 0;
			defaultConfigurationName = Release;
		};
		FCA899A1247AF6D700B14D5C /* Build configuration list for PBXNativeTarget "DemoTests" */ = {
			isa = XCConfigurationList;
			buildConfigurations = (
				FCA899A2247AF6D700B14D5C /* Debug */,
				FCA899A3247AF6D700B14D5C /* Release */,
			);
			defaultConfigurationIsVisible = 0;
			defaultConfigurationName = Release;
		};
/* End XCConfigurationList section */
	};
	rootObject = FCA89977247AF6D700B14D5C /* Project object */;
}
